
Microsoft Visual Studio Solution File, Format Version 12.00
# Visual Studio Version 16
VisualStudioVersion = 16.0.31205.134
MinimumVisualStudioVersion = 10.0.40219.1
Project("{FAE04EC0-301F-11D3-BF4B-00C04F79EFBC}") = "View", "WindowsFormsApp1\View.csproj", "{AEE6A478-860A-4D1E-9A32-FC43FB0677C3}"
EndProject
Project("{FAE04EC0-301F-11D3-BF4B-00C04F79EFBC}") = "FoodJournal", "FoodJournal1\FoodJournal.csproj", "{FD942D50-F222-4DC2-AE3A-95B24A0C3EB2}"
EndProject
Global
	GlobalSection(SolutionConfigurationPlatforms) = preSolution
		Debug|Any CPU = Debug|Any CPU
		Release|Any CPU = Release|Any CPU
	EndGlobalSection
	GlobalSection(ProjectConfigurationPlatforms) = postSolution
		{AEE6A478-860A-4D1E-9A32-FC43FB0677C3}.Debug|Any CPU.ActiveCfg = Debug|Any CPU
		{AEE6A478-860A-4D1E-9A32-FC43FB0677C3}.Debug|Any CPU.Build.0 = Debug|Any CPU
		{AEE6A478-860A-4D1E-9A32-FC43FB0677C3}.Release|Any CPU.ActiveCfg = Release|Any CPU
		{AEE6A478-860A-4D1E-9A32-FC43FB0677C3}.Release|Any CPU.Build.0 = Release|Any CPU
		{FD942D50-F222-4DC2-AE3A-95B24A0C3EB2}.Debug|Any CPU.ActiveCfg = Debug|Any CPU
		{FD942D50-F222-4DC2-AE3A-95B24A0C3EB2}.Debug|Any CPU.Build.0 = Debug|Any CPU
		{FD942D50-F222-4DC2-AE3A-95B24A0C3EB2}.Release|Any CPU.ActiveCfg = Release|Any CPU
		{FD942D50-F222-4DC2-AE3A-95B24A0C3EB2}.Release|Any CPU.Build.0 = Release|Any CPU
	EndGlobalSection
	GlobalSection(SolutionProperties) = preSolution
		HideSolutionNode = FALSE
	EndGlobalSection
	GlobalSection(ExtensibilityGlobals) = postSolution
		SolutionGuid = {2153A23D-8D54-4B59-BE2E-A1F7A36D4142}
	EndGlobalSection
EndGlobal
